
Microsoft Visual Studio Solution File, Format Version 11.00
# Visual Studio 2010
Project("{2150E333-8FDC-42A3-9474-1A3956D46DE8}") = "Champions Online", "Champions Online", "{741E3FD3-03D9-4DF3-A818-CBACEE27F045}"
EndProject
Project("{2150E333-8FDC-42A3-9474-1A3956D46DE8}") = "Generic", "Generic", "{0D92F9D3-8C0E-4AC5-90D9-E159F0C25CBC}"
EndProject
Project("{2150E333-8FDC-42A3-9474-1A3956D46DE8}") = "Misc", "Misc", "{D6230A5C-9FBF-4EDE-9C5B-A330FD148FF8}"
EndProject
Project("{2150E333-8FDC-42A3-9474-1A3956D46DE8}") = "Star Trek Online", "Star Trek Online", "{C792DEEF-FABF-47FC-A1C7-693C0F2CFEC0}"
EndProject
Project("{FAE04EC0-301F-11D3-BF4B-00C04F79EFBC}") = "Gibbed.IO", "Gibbed.IO\Gibbed.IO.csproj", "{047857BA-DAA3-4CA7-AFB8-A1B082B28C6A}"
EndProject
Project("{2150E333-8FDC-42A3-9474-1A3956D46DE8}") = "Games", "Games", "{99AD6D07-19FC-400B-BC01-E109AE285AB3}"
EndProject
Project("{FAE04EC0-301F-11D3-BF4B-00C04F79EFBC}") = "Gibbed.Cryptic.FileFormats", "Gibbed.Cryptic.FileFormats\Gibbed.Cryptic.FileFormats.csproj", "{78B8A118-B473-4B77-9658-02B07EDA14C4}"
EndProject
Project("{FAE04EC0-301F-11D3-BF4B-00C04F79EFBC}") = "Gibbed.Cryptic.Unpack", "Gibbed.Cryptic.Unpack\Gibbed.Cryptic.Unpack.csproj", "{3C5CFD33-B30D-4BD9-9BF2-438E6DDC675A}"
EndProject
Project("{FAE04EC0-301F-11D3-BF4B-00C04F79EFBC}") = "NDesk.Options", "NDesk.Options\NDesk.Options.csproj", "{C98A6CD6-9422-4B35-8B7A-F520D75534D1}"
EndProject
Project("{FAE04EC0-301F-11D3-BF4B-00C04F79EFBC}") = "Gibbed.PortableExecutable", "Gibbed.PortableExecutable\Gibbed.PortableExecutable.csproj", "{2FDF8D04-3F8C-4A62-B13B-348E7A7F61CA}"
EndProject
Project("{FAE04EC0-301F-11D3-BF4B-00C04F79EFBC}") = "Gibbed.Cryptic.ExportParserTables", "Gibbed.Cryptic.ExportParserTables\Gibbed.Cryptic.ExportParserTables.csproj", "{2E258CB7-D13C-478D-AB69-79529D6F9E4E}"
EndProject
Project("{FAE04EC0-301F-11D3-BF4B-00C04F79EFBC}") = "Gibbed.Cryptic.GenerateSerializer", "Gibbed.Cryptic.GenerateSerializer\Gibbed.Cryptic.GenerateSerializer.csproj", "{239CD2C1-F31F-4B62-90B6-A2476C357F32}"
EndProject
Project("{FAE04EC0-301F-11D3-BF4B-00C04F79EFBC}") = "Test", "Test\Test.csproj", "{56284675-A05C-4772-A250-1C03F188DF95}"
EndProject
Project("{FAE04EC0-301F-11D3-BF4B-00C04F79EFBC}") = "Gibbed.Cryptic.Grammars", "Gibbed.Cryptic.Grammars\Gibbed.Cryptic.Grammars.csproj", "{18316E7E-3E00-4B8B-B49F-2EFB2DC600CF}"
EndProject
Project("{FAE04EC0-301F-11D3-BF4B-00C04F79EFBC}") = "Gibbed.Cryptic.ConvertResource", "Gibbed.Cryptic.ConvertResource\Gibbed.Cryptic.ConvertResource.csproj", "{4CB357F3-83AC-4050-9318-EC0DF55FBDD3}"
EndProject
Project("{FAE04EC0-301F-11D3-BF4B-00C04F79EFBC}") = "Gibbed.Cryptic.ConvertObject", "Gibbed.Cryptic.ConvertObject\Gibbed.Cryptic.ConvertObject.csproj", "{F49916DF-AF1E-4FDC-8D5A-D28E645D6F75}"
EndProject
Global
	GlobalSection(SolutionConfigurationPlatforms) = preSolution
		Debug|Any CPU = Debug|Any CPU
		Debug|Mixed Platforms = Debug|Mixed Platforms
		Debug|x86 = Debug|x86
		Release|Any CPU = Release|Any CPU
		Release|Mixed Platforms = Release|Mixed Platforms
		Release|x86 = Release|x86
	EndGlobalSection
	GlobalSection(ProjectConfigurationPlatforms) = postSolution
		{047857BA-DAA3-4CA7-AFB8-A1B082B28C6A}.Debug|Any CPU.ActiveCfg = Debug|Any CPU
		{047857BA-DAA3-4CA7-AFB8-A1B082B28C6A}.Debug|Any CPU.Build.0 = Debug|Any CPU
		{047857BA-DAA3-4CA7-AFB8-A1B082B28C6A}.Debug|Mixed Platforms.ActiveCfg = Debug|Any CPU
		{047857BA-DAA3-4CA7-AFB8-A1B082B28C6A}.Debug|Mixed Platforms.Build.0 = Debug|Any CPU
		{047857BA-DAA3-4CA7-AFB8-A1B082B28C6A}.Debug|x86.ActiveCfg = Debug|Any CPU
		{047857BA-DAA3-4CA7-AFB8-A1B082B28C6A}.Release|Any CPU.ActiveCfg = Release|Any CPU
		{047857BA-DAA3-4CA7-AFB8-A1B082B28C6A}.Release|Any CPU.Build.0 = Release|Any CPU
		{047857BA-DAA3-4CA7-AFB8-A1B082B28C6A}.Release|Mixed Platforms.ActiveCfg = Release|Any CPU
		{047857BA-DAA3-4CA7-AFB8-A1B082B28C6A}.Release|Mixed Platforms.Build.0 = Release|Any CPU
		{047857BA-DAA3-4CA7-AFB8-A1B082B28C6A}.Release|x86.ActiveCfg = Release|Any CPU
		{78B8A118-B473-4B77-9658-02B07EDA14C4}.Debug|Any CPU.ActiveCfg = Debug|Any CPU
		{78B8A118-B473-4B77-9658-02B07EDA14C4}.Debug|Any CPU.Build.0 = Debug|Any CPU
		{78B8A118-B473-4B77-9658-02B07EDA14C4}.Debug|Mixed Platforms.ActiveCfg = Debug|Any CPU
		{78B8A118-B473-4B77-9658-02B07EDA14C4}.Debug|Mixed Platforms.Build.0 = Debug|Any CPU
		{78B8A118-B473-4B77-9658-02B07EDA14C4}.Debug|x86.ActiveCfg = Debug|Any CPU
		{78B8A118-B473-4B77-9658-02B07EDA14C4}.Release|Any CPU.ActiveCfg = Release|Any CPU
		{78B8A118-B473-4B77-9658-02B07EDA14C4}.Release|Any CPU.Build.0 = Release|Any CPU
		{78B8A118-B473-4B77-9658-02B07EDA14C4}.Release|Mixed Platforms.ActiveCfg = Release|Any CPU
		{78B8A118-B473-4B77-9658-02B07EDA14C4}.Release|Mixed Platforms.Build.0 = Release|Any CPU
		{78B8A118-B473-4B77-9658-02B07EDA14C4}.Release|x86.ActiveCfg = Release|Any CPU
		{3C5CFD33-B30D-4BD9-9BF2-438E6DDC675A}.Debug|Any CPU.ActiveCfg = Debug|x86
		{3C5CFD33-B30D-4BD9-9BF2-438E6DDC675A}.Debug|Mixed Platforms.ActiveCfg = Debug|x86
		{3C5CFD33-B30D-4BD9-9BF2-438E6DDC675A}.Debug|Mixed Platforms.Build.0 = Debug|x86
		{3C5CFD33-B30D-4BD9-9BF2-438E6DDC675A}.Debug|x86.ActiveCfg = Debug|x86
		{3C5CFD33-B30D-4BD9-9BF2-438E6DDC675A}.Debug|x86.Build.0 = Debug|x86
		{3C5CFD33-B30D-4BD9-9BF2-438E6DDC675A}.Release|Any CPU.ActiveCfg = Release|x86
		{3C5CFD33-B30D-4BD9-9BF2-438E6DDC675A}.Release|Mixed Platforms.ActiveCfg = Release|x86
		{3C5CFD33-B30D-4BD9-9BF2-438E6DDC675A}.Release|Mixed Platforms.Build.0 = Release|x86
		{3C5CFD33-B30D-4BD9-9BF2-438E6DDC675A}.Release|x86.ActiveCfg = Release|x86
		{3C5CFD33-B30D-4BD9-9BF2-438E6DDC675A}.Release|x86.Build.0 = Release|x86
		{C98A6CD6-9422-4B35-8B7A-F520D75534D1}.Debug|Any CPU.ActiveCfg = Debug|Any CPU
		{C98A6CD6-9422-4B35-8B7A-F520D75534D1}.Debug|Any CPU.Build.0 = Debug|Any CPU
		{C98A6CD6-9422-4B35-8B7A-F520D75534D1}.Debug|Mixed Platforms.ActiveCfg = Debug|Any CPU
		{C98A6CD6-9422-4B35-8B7A-F520D75534D1}.Debug|Mixed Platforms.Build.0 = Debug|Any CPU
		{C98A6CD6-9422-4B35-8B7A-F520D75534D1}.Debug|x86.ActiveCfg = Debug|Any CPU
		{C98A6CD6-9422-4B35-8B7A-F520D75534D1}.Release|Any CPU.ActiveCfg = Release|Any CPU
		{C98A6CD6-9422-4B35-8B7A-F520D75534D1}.Release|Any CPU.Build.0 = Release|Any CPU
		{C98A6CD6-9422-4B35-8B7A-F520D75534D1}.Release|Mixed Platforms.ActiveCfg = Release|Any CPU
		{C98A6CD6-9422-4B35-8B7A-F520D75534D1}.Release|Mixed Platforms.Build.0 = Release|Any CPU
		{C98A6CD6-9422-4B35-8B7A-F520D75534D1}.Release|x86.ActiveCfg = Release|Any CPU
		{2FDF8D04-3F8C-4A62-B13B-348E7A7F61CA}.Debug|Any CPU.ActiveCfg = Debug|Any CPU
		{2FDF8D04-3F8C-4A62-B13B-348E7A7F61CA}.Debug|Any CPU.Build.0 = Debug|Any CPU
		{2FDF8D04-3F8C-4A62-B13B-348E7A7F61CA}.Debug|Mixed Platforms.ActiveCfg = Debug|Any CPU
		{2FDF8D04-3F8C-4A62-B13B-348E7A7F61CA}.Debug|Mixed Platforms.Build.0 = Debug|Any CPU
		{2FDF8D04-3F8C-4A62-B13B-348E7A7F61CA}.Debug|x86.ActiveCfg = Debug|Any CPU
		{2FDF8D04-3F8C-4A62-B13B-348E7A7F61CA}.Release|Any CPU.ActiveCfg = Release|Any CPU
		{2FDF8D04-3F8C-4A62-B13B-348E7A7F61CA}.Release|Any CPU.Build.0 = Release|Any CPU
		{2FDF8D04-3F8C-4A62-B13B-348E7A7F61CA}.Release|Mixed Platforms.ActiveCfg = Release|Any CPU
		{2FDF8D04-3F8C-4A62-B13B-348E7A7F61CA}.Release|Mixed Platforms.Build.0 = Release|Any CPU
		{2FDF8D04-3F8C-4A62-B13B-348E7A7F61CA}.Release|x86.ActiveCfg = Release|Any CPU
		{2E258CB7-D13C-478D-AB69-79529D6F9E4E}.Debug|Any CPU.ActiveCfg = Debug|x86
		{2E258CB7-D13C-478D-AB69-79529D6F9E4E}.Debug|Mixed Platforms.ActiveCfg = Debug|x86
		{2E258CB7-D13C-478D-AB69-79529D6F9E4E}.Debug|Mixed Platforms.Build.0 = Debug|x86
		{2E258CB7-D13C-478D-AB69-79529D6F9E4E}.Debug|x86.ActiveCfg = Debug|x86
		{2E258CB7-D13C-478D-AB69-79529D6F9E4E}.Debug|x86.Build.0 = Debug|x86
		{2E258CB7-D13C-478D-AB69-79529D6F9E4E}.Release|Any CPU.ActiveCfg = Release|x86
		{2E258CB7-D13C-478D-AB69-79529D6F9E4E}.Release|Mixed Platforms.ActiveCfg = Release|x86
		{2E258CB7-D13C-478D-AB69-79529D6F9E4E}.Release|Mixed Platforms.Build.0 = Release|x86
		{2E258CB7-D13C-478D-AB69-79529D6F9E4E}.Release|x86.ActiveCfg = Release|x86
		{2E258CB7-D13C-478D-AB69-79529D6F9E4E}.Release|x86.Build.0 = Release|x86
		{239CD2C1-F31F-4B62-90B6-A2476C357F32}.Debug|Any CPU.ActiveCfg = Debug|x86
		{239CD2C1-F31F-4B62-90B6-A2476C357F32}.Debug|Mixed Platforms.ActiveCfg = Debug|x86
		{239CD2C1-F31F-4B62-90B6-A2476C357F32}.Debug|Mixed Platforms.Build.0 = Debug|x86
		{239CD2C1-F31F-4B62-90B6-A2476C357F32}.Debug|x86.ActiveCfg = Debug|x86
		{239CD2C1-F31F-4B62-90B6-A2476C357F32}.Debug|x86.Build.0 = Debug|x86
		{239CD2C1-F31F-4B62-90B6-A2476C357F32}.Release|Any CPU.ActiveCfg = Release|x86
		{239CD2C1-F31F-4B62-90B6-A2476C357F32}.Release|Mixed Platforms.ActiveCfg = Release|x86
		{239CD2C1-F31F-4B62-90B6-A2476C357F32}.Release|Mixed Platforms.Build.0 = Release|x86
		{239CD2C1-F31F-4B62-90B6-A2476C357F32}.Release|x86.ActiveCfg = Release|x86
		{239CD2C1-F31F-4B62-90B6-A2476C357F32}.Release|x86.Build.0 = Release|x86
		{56284675-A05C-4772-A250-1C03F188DF95}.Debug|Any CPU.ActiveCfg = Debug|x86
		{56284675-A05C-4772-A250-1C03F188DF95}.Debug|Mixed Platforms.ActiveCfg = Debug|x86
		{56284675-A05C-4772-A250-1C03F188DF95}.Debug|Mixed Platforms.Build.0 = Debug|x86
		{56284675-A05C-4772-A250-1C03F188DF95}.Debug|x86.ActiveCfg = Debug|x86
		{56284675-A05C-4772-A250-1C03F188DF95}.Debug|x86.Build.0 = Debug|x86
		{56284675-A05C-4772-A250-1C03F188DF95}.Release|Any CPU.ActiveCfg = Release|x86
		{56284675-A05C-4772-A250-1C03F188DF95}.Release|Mixed Platforms.ActiveCfg = Release|x86
		{56284675-A05C-4772-A250-1C03F188DF95}.Release|Mixed Platforms.Build.0 = Release|x86
		{56284675-A05C-4772-A250-1C03F188DF95}.Release|x86.ActiveCfg = Release|x86
		{56284675-A05C-4772-A250-1C03F188DF95}.Release|x86.Build.0 = Release|x86
		{18316E7E-3E00-4B8B-B49F-2EFB2DC600CF}.Debug|Any CPU.ActiveCfg = Debug|Any CPU
		{18316E7E-3E00-4B8B-B49F-2EFB2DC600CF}.Debug|Any CPU.Build.0 = Debug|Any CPU
		{18316E7E-3E00-4B8B-B49F-2EFB2DC600CF}.Debug|Mixed Platforms.ActiveCfg = Debug|Any CPU
		{18316E7E-3E00-4B8B-B49F-2EFB2DC600CF}.Debug|Mixed Platforms.Build.0 = Debug|Any CPU
		{18316E7E-3E00-4B8B-B49F-2EFB2DC600CF}.Debug|x86.ActiveCfg = Debug|Any CPU
		{18316E7E-3E00-4B8B-B49F-2EFB2DC600CF}.Release|Any CPU.ActiveCfg = Release|Any CPU
		{18316E7E-3E00-4B8B-B49F-2EFB2DC600CF}.Release|Any CPU.Build.0 = Release|Any CPU
		{18316E7E-3E00-4B8B-B49F-2EFB2DC600CF}.Release|Mixed Platforms.ActiveCfg = Release|Any CPU
		{18316E7E-3E00-4B8B-B49F-2EFB2DC600CF}.Release|Mixed Platforms.Build.0 = Release|Any CPU
		{18316E7E-3E00-4B8B-B49F-2EFB2DC600CF}.Release|x86.ActiveCfg = Release|Any CPU
		{4CB357F3-83AC-4050-9318-EC0DF55FBDD3}.Debug|Any CPU.ActiveCfg = Debug|x86
		{4CB357F3-83AC-4050-9318-EC0DF55FBDD3}.Debug|Mixed Platforms.ActiveCfg = Debug|x86
		{4CB357F3-83AC-4050-9318-EC0DF55FBDD3}.Debug|Mixed Platforms.Build.0 = Debug|x86
		{4CB357F3-83AC-4050-9318-EC0DF55FBDD3}.Debug|x86.ActiveCfg = Debug|x86
		{4CB357F3-83AC-4050-9318-EC0DF55FBDD3}.Debug|x86.Build.0 = Debug|x86
		{4CB357F3-83AC-4050-9318-EC0DF55FBDD3}.Release|Any CPU.ActiveCfg = Release|x86
		{4CB357F3-83AC-4050-9318-EC0DF55FBDD3}.Release|Mixed Platforms.ActiveCfg = Release|x86
		{4CB357F3-83AC-4050-9318-EC0DF55FBDD3}.Release|Mixed Platforms.Build.0 = Release|x86
		{4CB357F3-83AC-4050-9318-EC0DF55FBDD3}.Release|x86.ActiveCfg = Release|x86
		{4CB357F3-83AC-4050-9318-EC0DF55FBDD3}.Release|x86.Build.0 = Release|x86
		{F49916DF-AF1E-4FDC-8D5A-D28E645D6F75}.Debug|Any CPU.ActiveCfg = Debug|x86
		{F49916DF-AF1E-4FDC-8D5A-D28E645D6F75}.Debug|Mixed Platforms.ActiveCfg = Debug|x86
		{F49916DF-AF1E-4FDC-8D5A-D28E645D6F75}.Debug|Mixed Platforms.Build.0 = Debug|x86
		{F49916DF-AF1E-4FDC-8D5A-D28E645D6F75}.Debug|x86.ActiveCfg = Debug|x86
		{F49916DF-AF1E-4FDC-8D5A-D28E645D6F75}.Debug|x86.Build.0 = Debug|x86
		{F49916DF-AF1E-4FDC-8D5A-D28E645D6F75}.Release|Any CPU.ActiveCfg = Release|x86
		{F49916DF-AF1E-4FDC-8D5A-D28E645D6F75}.Release|Mixed Platforms.ActiveCfg = Release|x86
		{F49916DF-AF1E-4FDC-8D5A-D28E645D6F75}.Release|Mixed Platforms.Build.0 = Release|x86
		{F49916DF-AF1E-4FDC-8D5A-D28E645D6F75}.Release|x86.ActiveCfg = Release|x86
		{F49916DF-AF1E-4FDC-8D5A-D28E645D6F75}.Release|x86.Build.0 = Release|x86
	EndGlobalSection
	GlobalSection(SolutionProperties) = preSolution
		HideSolutionNode = FALSE
	EndGlobalSection
	GlobalSection(NestedProjects) = preSolution
		{C792DEEF-FABF-47FC-A1C7-693C0F2CFEC0} = {99AD6D07-19FC-400B-BC01-E109AE285AB3}
		{741E3FD3-03D9-4DF3-A818-CBACEE27F045} = {99AD6D07-19FC-400B-BC01-E109AE285AB3}
		{56284675-A05C-4772-A250-1C03F188DF95} = {99AD6D07-19FC-400B-BC01-E109AE285AB3}
		{78B8A118-B473-4B77-9658-02B07EDA14C4} = {0D92F9D3-8C0E-4AC5-90D9-E159F0C25CBC}
		{3C5CFD33-B30D-4BD9-9BF2-438E6DDC675A} = {0D92F9D3-8C0E-4AC5-90D9-E159F0C25CBC}
		{2E258CB7-D13C-478D-AB69-79529D6F9E4E} = {0D92F9D3-8C0E-4AC5-90D9-E159F0C25CBC}
		{18316E7E-3E00-4B8B-B49F-2EFB2DC600CF} = {0D92F9D3-8C0E-4AC5-90D9-E159F0C25CBC}
		{4CB357F3-83AC-4050-9318-EC0DF55FBDD3} = {0D92F9D3-8C0E-4AC5-90D9-E159F0C25CBC}
		{F49916DF-AF1E-4FDC-8D5A-D28E645D6F75} = {0D92F9D3-8C0E-4AC5-90D9-E159F0C25CBC}
		{239CD2C1-F31F-4B62-90B6-A2476C357F32} = {0D92F9D3-8C0E-4AC5-90D9-E159F0C25CBC}
		{047857BA-DAA3-4CA7-AFB8-A1B082B28C6A} = {D6230A5C-9FBF-4EDE-9C5B-A330FD148FF8}
		{C98A6CD6-9422-4B35-8B7A-F520D75534D1} = {D6230A5C-9FBF-4EDE-9C5B-A330FD148FF8}
		{2FDF8D04-3F8C-4A62-B13B-348E7A7F61CA} = {D6230A5C-9FBF-4EDE-9C5B-A330FD148FF8}
	EndGlobalSection
EndGlobal
