
Microsoft Visual Studio Solution File, Format Version 10.00
# Visual Studio 2008
Project("{FAE04EC0-301F-11D3-BF4B-00C04F79EFBC}") = "Gibbed.Helpers", "Gibbed.Helpers\Gibbed.Helpers.csproj", "{5162A9FB-4DE1-4BBF-B7A2-5E8116AB0D26}"
EndProject
Project("{FAE04EC0-301F-11D3-BF4B-00C04F79EFBC}") = "Gibbed.Champions.Test", "Gibbed.Champions.Test\Gibbed.Champions.Test.csproj", "{A167AF50-6D32-46D7-9DAD-68EDB6BF843C}"
EndProject
Project("{FAE04EC0-301F-11D3-BF4B-00C04F79EFBC}") = "Gibbed.Champions.FileFormats", "Gibbed.Champions.FileFormats\Gibbed.Champions.FileFormats.csproj", "{F9513B66-6272-4D20-BD05-A59938232394}"
EndProject
Project("{FAE04EC0-301F-11D3-BF4B-00C04F79EFBC}") = "Gibbed.Champions.Bacon", "Gibbed.Champions.Bacon\Gibbed.Champions.Bacon.csproj", "{3F8FC5A5-2128-4AE6-8BDC-EB2D9C8C724D}"
EndProject
Global
	GlobalSection(SolutionConfigurationPlatforms) = preSolution
		Debug|Any CPU = Debug|Any CPU
		Release|Any CPU = Release|Any CPU
	EndGlobalSection
	GlobalSection(ProjectConfigurationPlatforms) = postSolution
		{5162A9FB-4DE1-4BBF-B7A2-5E8116AB0D26}.Debug|Any CPU.ActiveCfg = Debug|Any CPU
		{5162A9FB-4DE1-4BBF-B7A2-5E8116AB0D26}.Debug|Any CPU.Build.0 = Debug|Any CPU
		{5162A9FB-4DE1-4BBF-B7A2-5E8116AB0D26}.Release|Any CPU.ActiveCfg = Release|Any CPU
		{5162A9FB-4DE1-4BBF-B7A2-5E8116AB0D26}.Release|Any CPU.Build.0 = Release|Any CPU
		{A167AF50-6D32-46D7-9DAD-68EDB6BF843C}.Debug|Any CPU.ActiveCfg = Debug|Any CPU
		{A167AF50-6D32-46D7-9DAD-68EDB6BF843C}.Debug|Any CPU.Build.0 = Debug|Any CPU
		{A167AF50-6D32-46D7-9DAD-68EDB6BF843C}.Release|Any CPU.ActiveCfg = Release|Any CPU
		{A167AF50-6D32-46D7-9DAD-68EDB6BF843C}.Release|Any CPU.Build.0 = Release|Any CPU
		{F9513B66-6272-4D20-BD05-A59938232394}.Debug|Any CPU.ActiveCfg = Debug|Any CPU
		{F9513B66-6272-4D20-BD05-A59938232394}.Debug|Any CPU.Build.0 = Debug|Any CPU
		{F9513B66-6272-4D20-BD05-A59938232394}.Release|Any CPU.ActiveCfg = Release|Any CPU
		{F9513B66-6272-4D20-BD05-A59938232394}.Release|Any CPU.Build.0 = Release|Any CPU
		{3F8FC5A5-2128-4AE6-8BDC-EB2D9C8C724D}.Debug|Any CPU.ActiveCfg = Debug|Any CPU
		{3F8FC5A5-2128-4AE6-8BDC-EB2D9C8C724D}.Debug|Any CPU.Build.0 = Debug|Any CPU
		{3F8FC5A5-2128-4AE6-8BDC-EB2D9C8C724D}.Release|Any CPU.ActiveCfg = Release|Any CPU
		{3F8FC5A5-2128-4AE6-8BDC-EB2D9C8C724D}.Release|Any CPU.Build.0 = Release|Any CPU
	EndGlobalSection
	GlobalSection(SolutionProperties) = preSolution
		HideSolutionNode = FALSE
	EndGlobalSection
EndGlobal
